lockfileVersion: 5.4

specifiers:
  '@discordjs/rest': ^0.4.1
  discord-api-types: ^0.31.2
  discord.js: ^13.6.0
  node-global-proxy: ^1.0.1

dependencies:
  '@discordjs/rest': registry.npmmirror.com/@discordjs/rest/0.4.1
  discord-api-types: registry.npmmirror.com/discord-api-types/0.31.2
  discord.js: registry.npmmirror.com/discord.js/13.6.0
  node-global-proxy: registry.npmmirror.com/node-global-proxy/1.0.1

packages:

  registry.npmmirror.com/@discordjs/builders/0.11.0:
    resolution: {integrity: sha512-ZTB8yJdJKrKlq44dpWkNUrAtEJEq0gqpb7ASdv4vmq6/mZal5kOv312hQ56I/vxwMre+VIkoHquNUAfnTbiYtg==, registry: https://registry.npm.taobao.org/, tarball: https://registry.npmmirror.com/@discordjs/builders/-/builders-0.11.0.tgz}
    name: '@discordjs/builders'
    version: 0.11.0
    engines: {node: '>=16.0.0', npm: '>=7.0.0'}
    dependencies:
      '@sindresorhus/is': registry.npmmirror.com/@sindresorhus/is/4.6.0
      discord-api-types: registry.npmmirror.com/discord-api-types/0.26.1
      ts-mixer: registry.npmmirror.com/ts-mixer/6.0.1
      tslib: registry.npmmirror.com/tslib/2.3.1
      zod: registry.npmmirror.com/zod/3.14.4
    dev: false

  registry.npmmirror.com/@discordjs/collection/0.4.0:
    resolution: {integrity: sha512-zmjq+l/rV35kE6zRrwe8BHqV78JvIh2ybJeZavBi5NySjWXqN3hmmAKg7kYMMXSeiWtSsMoZ/+MQi0DiQWy2lw==, registry: https://registry.npm.taobao.org/, tarball: https://registry.npmmirror.com/@discordjs/collection/-/collection-0.4.0.tgz}
    name: '@discordjs/collection'
    version: 0.4.0
    engines: {node: '>=16.0.0', npm: '>=7.0.0'}
    dev: false

  registry.npmmirror.com/@discordjs/collection/0.7.0-dev.1650413395-585169f:
    resolution: {integrity: sha512-oD+SAyP+bpMf7oS5ArY6mCIw2TjfBr4dPB51LH9MGaBn/mYUFJdm/FIBZ413dt8T+JBhdH67SUXgl8ZiH16yYA==, registry: https://registry.npm.taobao.org/, tarball: https://registry.npmmirror.com/@discordjs/collection/-/collection-0.7.0-dev.1650413395-585169f.tgz}
    name: '@discordjs/collection'
    version: 0.7.0-dev.1650413395-585169f
    engines: {node: '>=16.9.0'}
    dev: false

  registry.npmmirror.com/@discordjs/rest/0.4.1:
    resolution: {integrity: sha512-rtWy+AIfNlfjGkAgA2TJLASdqli07aTNQceVGT6RQQiQaEqV0nsfBO4WtDlDzk7PmO3w+InP3dpwEolJI5jz0A==, registry: https://registry.npm.taobao.org/, tarball: https://registry.npmmirror.com/@discordjs/rest/-/rest-0.4.1.tgz}
    name: '@discordjs/rest'
    version: 0.4.1
    engines: {node: '>=16.9.0'}
    dependencies:
      '@discordjs/collection': registry.npmmirror.com/@discordjs/collection/0.7.0-dev.1650413395-585169f
      '@sapphire/async-queue': registry.npmmirror.com/@sapphire/async-queue/1.3.1
      '@sapphire/snowflake': registry.npmmirror.com/@sapphire/snowflake/3.2.1
      '@types/node-fetch': registry.npmmirror.com/@types/node-fetch/2.6.1
      discord-api-types: registry.npmmirror.com/discord-api-types/0.29.0
      form-data: registry.npmmirror.com/form-data/4.0.0
      node-fetch: registry.npmmirror.com/node-fetch/2.6.7
      tslib: registry.npmmirror.com/tslib/2.3.1
    transitivePeerDependencies:
      - encoding
    dev: false

  registry.npmmirror.com/@sapphire/async-queue/1.3.1:
    resolution: {integrity: sha512-FFTlPOWZX1kDj9xCAsRzH5xEJfawg1lNoYAA+ecOWJMHOfiZYb1uXOI3ne9U4UILSEPwfE68p3T9wUHwIQfR0g==, registry: https://registry.npm.taobao.org/, tarball: https://registry.npmmirror.com/@sapphire/async-queue/-/async-queue-1.3.1.tgz}
    name: '@sapphire/async-queue'
    version: 1.3.1
    engines: {node: '>=v14.0.0', npm: '>=7.0.0'}
    dev: false

  registry.npmmirror.com/@sapphire/snowflake/3.2.1:
    resolution: {integrity: sha512-vmZq1I6J6iNRQVXP+N9HzOMOY4ORB3MunoFeWCw/aBnZTf1cDgDvP0RZFQS53B1TN95AIgFY9T+ItQ/fWAUYWQ==, registry: https://registry.npm.taobao.org/, tarball: https://registry.npmmirror.com/@sapphire/snowflake/-/snowflake-3.2.1.tgz}
    name: '@sapphire/snowflake'
    version: 3.2.1
    engines: {node: '>=v14.0.0', npm: '>=7.0.0'}
    dev: false

  registry.npmmirror.com/@sindresorhus/is/4.6.0:
    resolution: {integrity: sha512-t09vSN3MdfsyCHoFcTRCH/iUtG7OJ0CsjzB8cjAmKc/va/kIgeDI/TxsigdncE/4be734m0cvIYwNaV4i2XqAw==, registry: https://registry.npm.taobao.org/, tarball: https://registry.npmmirror.com/@sindresorhus/is/-/is-4.6.0.tgz}
    name: '@sindresorhus/is'
    version: 4.6.0
    engines: {node: '>=10'}
    dev: false

  registry.npmmirror.com/@types/node-fetch/2.6.1:
    resolution: {integrity: sha512-oMqjURCaxoSIsHSr1E47QHzbmzNR5rK8McHuNb11BOM9cHcIK3Avy0s/b2JlXHoQGTYS3NsvWzV1M0iK7l0wbA==, registry: https://registry.npm.taobao.org/, tarball: https://registry.npmmirror.com/@types/node-fetch/-/node-fetch-2.6.1.tgz}
    name: '@types/node-fetch'
    version: 2.6.1
    dependencies:
      '@types/node': registry.npmmirror.com/@types/node/17.0.25
      form-data: registry.npmmirror.com/form-data/3.0.1
    dev: false

  registry.npmmirror.com/@types/node/17.0.25:
    resolution: {integrity: sha512-wANk6fBrUwdpY4isjWrKTufkrXdu1D2YHCot2fD/DfWxF5sMrVSA+KN7ydckvaTCh0HiqX9IVl0L5/ZoXg5M7w==, registry: https://registry.npm.taobao.org/, tarball: https://registry.npmmirror.com/@types/node/-/node-17.0.25.tgz}
    name: '@types/node'
    version: 17.0.25
    dev: false

  registry.npmmirror.com/@types/ws/8.5.3:
    resolution: {integrity: sha512-6YOoWjruKj1uLf3INHH7D3qTXwFfEsg1kf3c0uDdSBJwfa/llkwIjrAGV7j7mVgGNbzTQ3HiHKKDXl6bJPD97w==, registry: https://registry.npm.taobao.org/, tarball: https://registry.npmmirror.com/@types/ws/-/ws-8.5.3.tgz}
    name: '@types/ws'
    version: 8.5.3
    dependencies:
      '@types/node': registry.npmmirror.com/@types/node/17.0.25
    dev: false

  registry.npmmirror.com/asynckit/0.4.0:
    resolution: {integrity: sha512-Oei9OH4tRh0YqU3GxhX79dM/mwVgvbZJaSNaRk+bshkj0S5cfHcgYakreBjrHwatXKbz+IoIdYLxrKim2MjW0Q==, registry: https://registry.npm.taobao.org/, tarball: https://registry.npmmirror.com/asynckit/-/asynckit-0.4.0.tgz}
    name: asynckit
    version: 0.4.0
    dev: false

  registry.npmmirror.com/boolean/3.2.0:
    resolution: {integrity: sha512-d0II/GO9uf9lfUHH2BQsjxzRJZBdsjgsBiW4BvhWk/3qoKwQFjIDVN19PfX8F2D/r9PCMTtLWjYVCFrpeYUzsw==, registry: https://registry.npm.taobao.org/, tarball: https://registry.npmmirror.com/boolean/-/boolean-3.2.0.tgz}
    name: boolean
    version: 3.2.0
    dev: false

  registry.npmmirror.com/combined-stream/1.0.8:
    resolution: {integrity: sha512-FQN4MRfuJeHf7cBbBMJFXhKSDq+2kAArBlmRBvcvFE5BB1HZKXtSFASDhdlz9zOYwxh8lDdnvmMOe/+5cdoEdg==, registry: https://registry.npm.taobao.org/, tarball: https://registry.npmmirror.com/combined-stream/-/combined-stream-1.0.8.tgz}
    name: combined-stream
    version: 1.0.8
    engines: {node: '>= 0.8'}
    dependencies:
      delayed-stream: registry.npmmirror.com/delayed-stream/1.0.0
    dev: false

  registry.npmmirror.com/config-chain/1.1.13:
    resolution: {integrity: sha512-qj+f8APARXHrM0hraqXYb2/bOVSV4PvJQlNZ/DVj0QrmNM2q2euizkeuVckQ57J+W0mRH6Hvi+k50M4Jul2VRQ==, registry: https://registry.npm.taobao.org/, tarball: https://registry.npmmirror.com/config-chain/-/config-chain-1.1.13.tgz}
    name: config-chain
    version: 1.1.13
    dependencies:
      ini: registry.npmmirror.com/ini/1.3.8
      proto-list: registry.npmmirror.com/proto-list/1.2.4
    dev: false

  registry.npmmirror.com/core-js/3.22.2:
    resolution: {integrity: sha512-Z5I2vzDnEIqO2YhELVMFcL1An2CIsFe9Q7byZhs8c/QxummxZlAHw33TUHbIte987LkisOgL0LwQ1P9D6VISnA==, registry: https://registry.npm.taobao.org/, tarball: https://registry.npmmirror.com/core-js/-/core-js-3.22.2.tgz}
    name: core-js
    version: 3.22.2
    requiresBuild: true
    dev: false

  registry.npmmirror.com/define-properties/1.1.4:
    resolution: {integrity: sha512-uckOqKcfaVvtBdsVkdPv3XjveQJsNQqmhXgRi8uhvWWuPYZCNlzT8qAyblUgNoXdHdjMTzAqeGjAoli8f+bzPA==, registry: https://registry.npm.taobao.org/, tarball: https://registry.npmmirror.com/define-properties/-/define-properties-1.1.4.tgz}
    name: define-properties
    version: 1.1.4
    engines: {node: '>= 0.4'}
    dependencies:
      has-property-descriptors: registry.npmmirror.com/has-property-descriptors/1.0.0
      object-keys: registry.npmmirror.com/object-keys/1.1.1
    dev: false

  registry.npmmirror.com/delayed-stream/1.0.0:
    resolution: {integrity: sha512-ZySD7Nf91aLB0RxL4KGrKHBXl7Eds1DAmEdcoVawXnLD7SDhpNgtuII2aAkg7a7QS41jxPSZ17p4VdGnMHk3MQ==, registry: https://registry.npm.taobao.org/, tarball: https://registry.npmmirror.com/delayed-stream/-/delayed-stream-1.0.0.tgz}
    name: delayed-stream
    version: 1.0.0
    engines: {node: '>=0.4.0'}
    dev: false

  registry.npmmirror.com/detect-node/2.1.0:
    resolution: {integrity: sha512-T0NIuQpnTvFDATNuHN5roPwSBG83rFsuO+MXXH9/3N1eFbn4wcPjttvjMLEPWJ0RGUYgQE7cGgS3tNxbqCGM7g==, registry: https://registry.npm.taobao.org/, tarball: https://registry.npmmirror.com/detect-node/-/detect-node-2.1.0.tgz}
    name: detect-node
    version: 2.1.0
    dev: false

  registry.npmmirror.com/discord-api-types/0.26.1:
    resolution: {integrity: sha512-T5PdMQ+Y1MEECYMV5wmyi9VEYPagEDEi4S0amgsszpWY0VB9JJ/hEvM6BgLhbdnKky4gfmZEXtEEtojN8ZKJQQ==, registry: https://registry.npm.taobao.org/, tarball: https://registry.npmmirror.com/discord-api-types/-/discord-api-types-0.26.1.tgz}
    name: discord-api-types
    version: 0.26.1
    engines: {node: '>=12'}
    dev: false

  registry.npmmirror.com/discord-api-types/0.29.0:
    resolution: {integrity: sha512-Ekq1ICNpOTVajXKZguNFrsDeTmam+ZeA38txsNLZnANdXUjU6QBPIZLUQTC6MzigFGb0Tt8vk4xLnXmzv0shNg==, registry: https://registry.npm.taobao.org/, tarball: https://registry.npmmirror.com/discord-api-types/-/discord-api-types-0.29.0.tgz}
    name: discord-api-types
    version: 0.29.0
    dev: false

  registry.npmmirror.com/discord-api-types/0.31.2:
    resolution: {integrity: sha512-gpzXTvFVg7AjKVVJFH0oJGC0q0tO34iJGSHZNz9u3aqLxlD6LfxEs9wWVVikJqn9gra940oUTaPFizCkRDcEiA==, registry: https://registry.npm.taobao.org/, tarball: https://registry.npmmirror.com/discord-api-types/-/discord-api-types-0.31.2.tgz}
    name: discord-api-types
    version: 0.31.2
    dev: false

  registry.npmmirror.com/discord.js/13.6.0:
    resolution: {integrity: sha512-tXNR8zgsEPxPBvGk3AQjJ9ljIIC6/LOPjzKwpwz8Y1Q2X66Vi3ZqFgRHYwnHKC0jC0F+l4LzxlhmOJsBZDNg9g==, registry: https://registry.npm.taobao.org/, tarball: https://registry.npmmirror.com/discord.js/-/discord.js-13.6.0.tgz}
    name: discord.js
    version: 13.6.0
    engines: {node: '>=16.6.0', npm: '>=7.0.0'}
    dependencies:
      '@discordjs/builders': registry.npmmirror.com/@discordjs/builders/0.11.0
      '@discordjs/collection': registry.npmmirror.com/@discordjs/collection/0.4.0
      '@sapphire/async-queue': registry.npmmirror.com/@sapphire/async-queue/1.3.1
      '@types/node-fetch': registry.npmmirror.com/@types/node-fetch/2.6.1
      '@types/ws': registry.npmmirror.com/@types/ws/8.5.3
      discord-api-types: registry.npmmirror.com/discord-api-types/0.26.1
      form-data: registry.npmmirror.com/form-data/4.0.0
      node-fetch: registry.npmmirror.com/node-fetch/2.6.7
      ws: registry.npmmirror.com/ws/8.5.0
    transitivePeerDependencies:
      - bufferutil
      - encoding
      - utf-8-validate
    dev: false

  registry.npmmirror.com/encodeurl/1.0.2:
    resolution: {integrity: sha512-TPJXq8JqFaVYm2CWmPvnP2Iyo4ZSM7/QKcSmuMLDObfpH5fi7RUGmd/rTDf+rut/saiDiQEeVTNgAmJEdAOx0w==, registry: https://registry.npm.taobao.org/, tarball: https://registry.npmmirror.com/encodeurl/-/encodeurl-1.0.2.tgz}
    name: encodeurl
    version: 1.0.2
    engines: {node: '>= 0.8'}
    dev: false

  registry.npmmirror.com/es6-error/4.1.1:
    resolution: {integrity: sha512-Um/+FxMr9CISWh0bi5Zv0iOD+4cFh5qLeks1qhAopKVAJw3drgKbKySikp7wGhDL0HPeaja0P5ULZrxLkniUVg==, registry: https://registry.npm.taobao.org/, tarball: https://registry.npmmirror.com/es6-error/-/es6-error-4.1.1.tgz}
    name: es6-error
    version: 4.1.1
    dev: false

  registry.npmmirror.com/escape-string-regexp/4.0.0:
    resolution: {integrity: sha512-TtpcNJ3XAzx3Gq8sWRzJaVajRs0uVxA2YAkdb1jm2YkPz4G6egUFAyA3n5vtEIZefPk5Wa4UXbKuS5fKkJWdgA==, registry: https://registry.npm.taobao.org/, tarball: https://registry.npmmirror.com/escape-string-regexp/-/escape-string-regexp-4.0.0.tgz}
    name: escape-string-regexp
    version: 4.0.0
    engines: {node: '>=10'}
    dev: false

  registry.npmmirror.com/form-data/3.0.1:
    resolution: {integrity: sha512-RHkBKtLWUVwd7SqRIvCZMEvAMoGUp0XU+seQiZejj0COz3RI3hWP4sCv3gZWWLjJTd7rGwcsF5eKZGii0r/hbg==, registry: https://registry.npm.taobao.org/, tarball: https://registry.npmmirror.com/form-data/-/form-data-3.0.1.tgz}
    name: form-data
    version: 3.0.1
    engines: {node: '>= 6'}
    dependencies:
      asynckit: registry.npmmirror.com/asynckit/0.4.0
      combined-stream: registry.npmmirror.com/combined-stream/1.0.8
      mime-types: registry.npmmirror.com/mime-types/2.1.35
    dev: false

  registry.npmmirror.com/form-data/4.0.0:
    resolution: {integrity: sha512-ETEklSGi5t0QMZuiXoA/Q6vcnxcLQP5vdugSpuAyi6SVGi2clPPp+xgEhuMaHC+zGgn31Kd235W35f7Hykkaww==, registry: https://registry.npm.taobao.org/, tarball: https://registry.npmmirror.com/form-data/-/form-data-4.0.0.tgz}
    name: form-data
    version: 4.0.0
    engines: {node: '>= 6'}
    dependencies:
      asynckit: registry.npmmirror.com/asynckit/0.4.0
      combined-stream: registry.npmmirror.com/combined-stream/1.0.8
      mime-types: registry.npmmirror.com/mime-types/2.1.35
    dev: false

  registry.npmmirror.com/function-bind/1.1.1:
    resolution: {integrity: sha512-yIovAzMX49sF8Yl58fSCWJ5svSLuaibPxXQJFLmBObTuCr0Mf1KiPopGM9NiFjiYBCbfaa2Fh6breQ6ANVTI0A==, registry: https://registry.npm.taobao.org/, tarball: https://registry.npmmirror.com/function-bind/-/function-bind-1.1.1.tgz}
    name: function-bind
    version: 1.1.1
    dev: false

  registry.npmmirror.com/get-intrinsic/1.1.1:
    resolution: {integrity: sha512-kWZrnVM42QCiEA2Ig1bG8zjoIMOgxWwYCEeNdwY6Tv/cOSeGpcoX4pXHfKUxNKVoArnrEr2e9srnAxxGIraS9Q==, registry: https://registry.npm.taobao.org/, tarball: https://registry.npmmirror.com/get-intrinsic/-/get-intrinsic-1.1.1.tgz}
    name: get-intrinsic
    version: 1.1.1
    dependencies:
      function-bind: registry.npmmirror.com/function-bind/1.1.1
      has: registry.npmmirror.com/has/1.0.3
      has-symbols: registry.npmmirror.com/has-symbols/1.0.3
    dev: false

  registry.npmmirror.com/global-agent/2.2.0:
    resolution: {integrity: sha512-+20KpaW6DDLqhG7JDiJpD1JvNvb8ts+TNl7BPOYcURqCrXqnN1Vf+XVOrkKJAFPqfX+oEhsdzOj1hLWkBTdNJg==, registry: https://registry.npm.taobao.org/, tarball: https://registry.npmmirror.com/global-agent/-/global-agent-2.2.0.tgz}
    name: global-agent
    version: 2.2.0
    engines: {node: '>=10.0'}
    dependencies:
      boolean: registry.npmmirror.com/boolean/3.2.0
      core-js: registry.npmmirror.com/core-js/3.22.2
      es6-error: registry.npmmirror.com/es6-error/4.1.1
      matcher: registry.npmmirror.com/matcher/3.0.0
      roarr: registry.npmmirror.com/roarr/2.15.4
      semver: registry.npmmirror.com/semver/7.3.7
      serialize-error: registry.npmmirror.com/serialize-error/7.0.1
    dev: false

  registry.npmmirror.com/global-tunnel-ng/2.7.1:
    resolution: {integrity: sha512-4s+DyciWBV0eK148wqXxcmVAbFVPqtc3sEtUE/GTQfuU80rySLcMhUmHKSHI7/LDj8q0gDYI1lIhRRB7ieRAqg==, registry: https://registry.npm.taobao.org/, tarball: https://registry.npmmirror.com/global-tunnel-ng/-/global-tunnel-ng-2.7.1.tgz}
    name: global-tunnel-ng
    version: 2.7.1
    engines: {node: '>=0.10'}
    dependencies:
      encodeurl: registry.npmmirror.com/encodeurl/1.0.2
      lodash: registry.npmmirror.com/lodash/4.17.21
      npm-conf: registry.npmmirror.com/npm-conf/1.1.3
      tunnel: registry.npmmirror.com/tunnel/0.0.6
    dev: false

  registry.npmmirror.com/globalthis/1.0.2:
    resolution: {integrity: sha512-ZQnSFO1la8P7auIOQECnm0sSuoMeaSq0EEdXMBFF2QJO4uNcwbyhSgG3MruWNbFTqCLmxVwGOl7LZ9kASvHdeQ==, registry: https://registry.npm.taobao.org/, tarball: https://registry.npmmirror.com/globalthis/-/globalthis-1.0.2.tgz}
    name: globalthis
    version: 1.0.2
    engines: {node: '>= 0.4'}
    dependencies:
      define-properties: registry.npmmirror.com/define-properties/1.1.4
    dev: false

  registry.npmmirror.com/has-property-descriptors/1.0.0:
    resolution: {integrity: sha512-62DVLZGoiEBDHQyqG4w9xCuZ7eJEwNmJRWw2VY84Oedb7WFcA27fiEVe8oUQx9hAUJ4ekurquucTGwsyO1XGdQ==, registry: https://registry.npm.taobao.org/, tarball: https://registry.npmmirror.com/has-property-descriptors/-/has-property-descriptors-1.0.0.tgz}
    name: has-property-descriptors
    version: 1.0.0
    dependencies:
      get-intrinsic: registry.npmmirror.com/get-intrinsic/1.1.1
    dev: false

  registry.npmmirror.com/has-symbols/1.0.3:
    resolution: {integrity: sha512-l3LCuF6MgDNwTDKkdYGEihYjt5pRPbEg46rtlmnSPlUbgmB8LOIrKJbYYFBSbnPaJexMKtiPO8hmeRjRz2Td+A==, registry: https://registry.npm.taobao.org/, tarball: https://registry.npmmirror.com/has-symbols/-/has-symbols-1.0.3.tgz}
    name: has-symbols
    version: 1.0.3
    engines: {node: '>= 0.4'}
    dev: false

  registry.npmmirror.com/has/1.0.3:
    resolution: {integrity: sha512-f2dvO0VU6Oej7RkWJGrehjbzMAjFp5/VKPp5tTpWIV4JHHZK1/BxbFRtf/siA2SWTe09caDmVtYYzWEIbBS4zw==, registry: https://registry.npm.taobao.org/, tarball: https://registry.npmmirror.com/has/-/has-1.0.3.tgz}
    name: has
    version: 1.0.3
    engines: {node: '>= 0.4.0'}
    dependencies:
      function-bind: registry.npmmirror.com/function-bind/1.1.1
    dev: false

  registry.npmmirror.com/ini/1.3.8:
    resolution: {integrity: sha512-JV/yugV2uzW5iMRSiZAyDtQd+nxtUnjeLt0acNdw98kKLrvuRVyB80tsREOE7yvGVgalhZ6RNXCmEHkUKBKxew==, registry: https://registry.npm.taobao.org/, tarball: https://registry.npmmirror.com/ini/-/ini-1.3.8.tgz}
    name: ini
    version: 1.3.8
    dev: false

  registry.npmmirror.com/json-stringify-safe/5.0.1:
    resolution: {integrity: sha512-ZClg6AaYvamvYEE82d3Iyd3vSSIjQ+odgjaTzRuO3s7toCdFKczob2i0zCh7JE8kWn17yvAWhUVxvqGwUalsRA==, registry: https://registry.npm.taobao.org/, tarball: https://registry.npmmirror.com/json-stringify-safe/-/json-stringify-safe-5.0.1.tgz}
    name: json-stringify-safe
    version: 5.0.1
    dev: false

  registry.npmmirror.com/lodash/4.17.21:
    resolution: {integrity: sha512-v2kDEe57lecTulaDIuNTPy3Ry4gLGJ6Z1O3vE1krgXZNrsQ+LFTGHVxVjcXPs17LhbZVGedAJv8XZ1tvj5FvSg==, registry: https://registry.npm.taobao.org/, tarball: https://registry.npmmirror.com/lodash/-/lodash-4.17.21.tgz}
    name: lodash
    version: 4.17.21
    dev: false

  registry.npmmirror.com/lru-cache/6.0.0:
    resolution: {integrity: sha512-Jo6dJ04CmSjuznwJSS3pUeWmd/H0ffTlkXXgwZi+eq1UCmqQwCh+eLsYOYCwY991i2Fah4h1BEMCx4qThGbsiA==, registry: https://registry.npm.taobao.org/, tarball: https://registry.npmmirror.com/lru-cache/-/lru-cache-6.0.0.tgz}
    name: lru-cache
    version: 6.0.0
    engines: {node: '>=10'}
    dependencies:
      yallist: registry.npmmirror.com/yallist/4.0.0
    dev: false

  registry.npmmirror.com/matcher/3.0.0:
    resolution: {integrity: sha512-OkeDaAZ/bQCxeFAozM55PKcKU0yJMPGifLwV4Qgjitu+5MoAfSQN4lsLJeXZ1b8w0x+/Emda6MZgXS1jvsapng==, registry: https://registry.npm.taobao.org/, tarball: https://registry.npmmirror.com/matcher/-/matcher-3.0.0.tgz}
    name: matcher
    version: 3.0.0
    engines: {node: '>=10'}
    dependencies:
      escape-string-regexp: registry.npmmirror.com/escape-string-regexp/4.0.0
    dev: false

  registry.npmmirror.com/mime-db/1.52.0:
    resolution: {integrity: sha512-sPU4uV7dYlvtWJxwwxHD0PuihVNiE7TyAbQ5SWxDCB9mUYvOgroQOwYQQOKPJ8CIbE+1ETVlOoK1UC2nU3gYvg==, registry: https://registry.npm.taobao.org/, tarball: https://registry.npmmirror.com/mime-db/-/mime-db-1.52.0.tgz}
    name: mime-db
    version: 1.52.0
    engines: {node: '>= 0.6'}
    dev: false

  registry.npmmirror.com/mime-types/2.1.35:
    resolution: {integrity: sha512-ZDY+bPm5zTTF+YpCrAU9nK0UgICYPT0QtT1NZWFv4s++TNkcgVaT0g6+4R2uI4MjQjzysHB1zxuWL50hzaeXiw==, registry: https://registry.npm.taobao.org/, tarball: https://registry.npmmirror.com/mime-types/-/mime-types-2.1.35.tgz}
    name: mime-types
    version: 2.1.35
    engines: {node: '>= 0.6'}
    dependencies:
      mime-db: registry.npmmirror.com/mime-db/1.52.0
    dev: false

  registry.npmmirror.com/node-fetch/2.6.7:
    resolution: {integrity: sha512-ZjMPFEfVx5j+y2yF35Kzx5sF7kDzxuDj6ziH4FFbOp87zKDZNx8yExJIb05OGF4Nlt9IHFIMBkRl41VdvcNdbQ==, registry: https://registry.npm.taobao.org/, tarball: https://registry.npmmirror.com/node-fetch/-/node-fetch-2.6.7.tgz}
    name: node-fetch
    version: 2.6.7
    engines: {node: 4.x || >=6.0.0}
    peerDependencies:
      encoding: ^0.1.0
    peerDependenciesMeta:
      encoding:
        optional: true
    dependencies:
      whatwg-url: registry.npmmirror.com/whatwg-url/5.0.0
    dev: false

  registry.npmmirror.com/node-global-proxy/1.0.1:
    resolution: {integrity: sha512-pKGD42p81TFbrUudDBtApwri2Ho1xjm3ozmXhHLIRpwgXk18KvPMv0ubDZLD8gNI6q/Jzc2zK6jNbga8j+FRSw==, registry: https://registry.npm.taobao.org/, tarball: https://registry.npmmirror.com/node-global-proxy/-/node-global-proxy-1.0.1.tgz}
    name: node-global-proxy
    version: 1.0.1
    dependencies:
      global-agent: registry.npmmirror.com/global-agent/2.2.0
      global-tunnel-ng: registry.npmmirror.com/global-tunnel-ng/2.7.1
    dev: false

  registry.npmmirror.com/npm-conf/1.1.3:
    resolution: {integrity: sha512-Yic4bZHJOt9RCFbRP3GgpqhScOY4HH3V2P8yBj6CeYq118Qr+BLXqT2JvpJ00mryLESpgOxf5XlFv4ZjXxLScw==, registry: https://registry.npm.taobao.org/, tarball: https://registry.npmmirror.com/npm-conf/-/npm-conf-1.1.3.tgz}
    name: npm-conf
    version: 1.1.3
    engines: {node: '>=4'}
    dependencies:
      config-chain: registry.npmmirror.com/config-chain/1.1.13
      pify: registry.npmmirror.com/pify/3.0.0
    dev: false

  registry.npmmirror.com/object-keys/1.1.1:
    resolution: {integrity: sha512-NuAESUOUMrlIXOfHKzD6bpPu3tYt3xvjNdRIQ+FeT0lNb4K8WR70CaDxhuNguS2XG+GjkyMwOzsN5ZktImfhLA==, registry: https://registry.npm.taobao.org/, tarball: https://registry.npmmirror.com/object-keys/-/object-keys-1.1.1.tgz}
    name: object-keys
    version: 1.1.1
    engines: {node: '>= 0.4'}
    dev: false

  registry.npmmirror.com/pify/3.0.0:
    resolution: {integrity: sha512-C3FsVNH1udSEX48gGX1xfvwTWfsYWj5U+8/uK15BGzIGrKoUpghX8hWZwa/OFnakBiiVNmBvemTJR5mcy7iPcg==, registry: https://registry.npm.taobao.org/, tarball: https://registry.npmmirror.com/pify/-/pify-3.0.0.tgz}
    name: pify
    version: 3.0.0
    engines: {node: '>=4'}
    dev: false

  registry.npmmirror.com/proto-list/1.2.4:
    resolution: {integrity: sha512-vtK/94akxsTMhe0/cbfpR+syPuszcuwhqVjJq26CuNDgFGj682oRBXOP5MJpv2r7JtE8MsiepGIqvvOTBwn2vA==, registry: https://registry.npm.taobao.org/, tarball: https://registry.npmmirror.com/proto-list/-/proto-list-1.2.4.tgz}
    name: proto-list
    version: 1.2.4
    dev: false

  registry.npmmirror.com/roarr/2.15.4:
    resolution: {integrity: sha512-CHhPh+UNHD2GTXNYhPWLnU8ONHdI+5DI+4EYIAOaiD63rHeYlZvyh8P+in5999TTSFgUYuKUAjzRI4mdh/p+2A==, registry: https://registry.npm.taobao.org/, tarball: https://registry.npmmirror.com/roarr/-/roarr-2.15.4.tgz}
    name: roarr
    version: 2.15.4
    engines: {node: '>=8.0'}
    dependencies:
      boolean: registry.npmmirror.com/boolean/3.2.0
      detect-node: registry.npmmirror.com/detect-node/2.1.0
      globalthis: registry.npmmirror.com/globalthis/1.0.2
      json-stringify-safe: registry.npmmirror.com/json-stringify-safe/5.0.1
      semver-compare: registry.npmmirror.com/semver-compare/1.0.0
      sprintf-js: registry.npmmirror.com/sprintf-js/1.1.2
    dev: false

  registry.npmmirror.com/semver-compare/1.0.0:
    resolution: {integrity: sha512-YM3/ITh2MJ5MtzaM429anh+x2jiLVjqILF4m4oyQB18W7Ggea7BfqdH/wGMK7dDiMghv/6WG7znWMwUDzJiXow==, registry: https://registry.npm.taobao.org/, tarball: https://registry.npmmirror.com/semver-compare/-/semver-compare-1.0.0.tgz}
    name: semver-compare
    version: 1.0.0
    dev: false

  registry.npmmirror.com/semver/7.3.7:
    resolution: {integrity: sha512-QlYTucUYOews+WeEujDoEGziz4K6c47V/Bd+LjSSYcA94p+DmINdf7ncaUinThfvZyu13lN9OY1XDxt8C0Tw0g==, registry: https://registry.npm.taobao.org/, tarball: https://registry.npmmirror.com/semver/-/semver-7.3.7.tgz}
    name: semver
    version: 7.3.7
    engines: {node: '>=10'}
    hasBin: true
    dependencies:
      lru-cache: registry.npmmirror.com/lru-cache/6.0.0
    dev: false

  registry.npmmirror.com/serialize-error/7.0.1:
    resolution: {integrity: sha512-8I8TjW5KMOKsZQTvoxjuSIa7foAwPWGOts+6o7sgjz41/qMD9VQHEDxi6PBvK2l0MXUmqZyNpUK+T2tQaaElvw==, registry: https://registry.npm.taobao.org/, tarball: https://registry.npmmirror.com/serialize-error/-/serialize-error-7.0.1.tgz}
    name: serialize-error
    version: 7.0.1
    engines: {node: '>=10'}
    dependencies:
      type-fest: registry.npmmirror.com/type-fest/0.13.1
    dev: false

  registry.npmmirror.com/sprintf-js/1.1.2:
    resolution: {integrity: sha512-VE0SOVEHCk7Qc8ulkWw3ntAzXuqf7S2lvwQaDLRnUeIEaKNQJzV6BwmLKhOqT61aGhfUMrXeaBk+oDGCzvhcug==, registry: https://registry.npm.taobao.org/, tarball: https://registry.npmmirror.com/sprintf-js/-/sprintf-js-1.1.2.tgz}
    name: sprintf-js
    version: 1.1.2
    dev: false

  registry.npmmirror.com/tr46/0.0.3:
    resolution: {integrity: sha512-N3WMsuqV66lT30CrXNbEjx4GEwlow3v6rr4mCcv6prnfwhS01rkgyFdjPNBYd9br7LpXV1+Emh01fHnq2Gdgrw==, registry: https://registry.npm.taobao.org/, tarball: https://registry.npmmirror.com/tr46/-/tr46-0.0.3.tgz}
    name: tr46
    version: 0.0.3
    dev: false

  registry.npmmirror.com/ts-mixer/6.0.1:
    resolution: {integrity: sha512-hvE+ZYXuINrx6Ei6D6hz+PTim0Uf++dYbK9FFifLNwQj+RwKquhQpn868yZsCtJYiclZF1u8l6WZxxKi+vv7Rg==, registry: https://registry.npm.taobao.org/, tarball: https://registry.npmmirror.com/ts-mixer/-/ts-mixer-6.0.1.tgz}
    name: ts-mixer
    version: 6.0.1
    dev: false

  registry.npmmirror.com/tslib/2.3.1:
    resolution: {integrity: sha512-77EbyPPpMz+FRFRuAFlWMtmgUWGe9UOG2Z25NqCwiIjRhOf5iKGuzSe5P2w1laq+FkRy4p+PCuVkJSGkzTEKVw==, registry: https://registry.npm.taobao.org/, tarball: https://registry.npmmirror.com/tslib/-/tslib-2.3.1.tgz}
    name: tslib
    version: 2.3.1
    dev: false

  registry.npmmirror.com/tunnel/0.0.6:
    resolution: {integrity: sha512-1h/Lnq9yajKY2PEbBadPXj3VxsDDu844OnaAo52UVmIzIvwwtBPIuNvkjuzBlTWpfJyUbG3ez0KSBibQkj4ojg==, registry: https://registry.npm.taobao.org/, tarball: https://registry.npmmirror.com/tunnel/-/tunnel-0.0.6.tgz}
    name: tunnel
    version: 0.0.6
    engines: {node: '>=0.6.11 <=0.7.0 || >=0.7.3'}
    dev: false

  registry.npmmirror.com/type-fest/0.13.1:
    resolution: {integrity: sha512-34R7HTnG0XIJcBSn5XhDd7nNFPRcXYRZrBB2O2jdKqYODldSzBAqzsWoZYYvduky73toYS/ESqxPvkDf/F0XMg==, registry: https://registry.npm.taobao.org/, tarball: https://registry.npmmirror.com/type-fest/-/type-fest-0.13.1.tgz}
    name: type-fest
    version: 0.13.1
    engines: {node: '>=10'}
    dev: false

  registry.npmmirror.com/webidl-conversions/3.0.1:
    resolution: {integrity: sha512-2JAn3z8AR6rjK8Sm8orRC0h/bcl/DqL7tRPdGZ4I1CjdF+EaMLmYxBHyXuKL849eucPFhvBoxMsflfOb8kxaeQ==, registry: https://registry.npm.taobao.org/, tarball: https://registry.npmmirror.com/webidl-conversions/-/webidl-conversions-3.0.1.tgz}
    name: webidl-conversions
    version: 3.0.1
    dev: false

  registry.npmmirror.com/whatwg-url/5.0.0:
    resolution: {integrity: sha512-saE57nupxk6v3HY35+jzBwYa0rKSy0XR8JSxZPwgLr7ys0IBzhGviA1/TUGJLmSVqs8pb9AnvICXEuOHLprYTw==, registry: https://registry.npm.taobao.org/, tarball: https://registry.npmmirror.com/whatwg-url/-/whatwg-url-5.0.0.tgz}
    name: whatwg-url
    version: 5.0.0
    dependencies:
      tr46: registry.npmmirror.com/tr46/0.0.3
      webidl-conversions: registry.npmmirror.com/webidl-conversions/3.0.1
    dev: false

  registry.npmmirror.com/ws/8.5.0:
    resolution: {integrity: sha512-BWX0SWVgLPzYwF8lTzEy1egjhS4S4OEAHfsO8o65WOVsrnSRGaSiUaa9e0ggGlkMTtBlmOpEXiie9RUcBO86qg==, registry: https://registry.npm.taobao.org/, tarball: https://registry.npmmirror.com/ws/-/ws-8.5.0.tgz}
    name: ws
    version: 8.5.0
    engines: {node: '>=10.0.0'}
    peerDependencies:
      bufferutil: ^4.0.1
      utf-8-validate: ^5.0.2
    peerDependenciesMeta:
      bufferutil:
        optional: true
      utf-8-validate:
        optional: true
    dev: false

  registry.npmmirror.com/yallist/4.0.0:
    resolution: {integrity: sha512-3wdGidZyq5PB084XLES5TpOSRA3wjXAlIWMhum2kRcv/41Sn2emQ0dycQW4uZXLejwKvg6EsvbdlVL+FYEct7A==, registry: https://registry.npm.taobao.org/, tarball: https://registry.npmmirror.com/yallist/-/yallist-4.0.0.tgz}
    name: yallist
    version: 4.0.0
    dev: false

  registry.npmmirror.com/zod/3.14.4:
    resolution: {integrity: sha512-U9BFLb2GO34Sfo9IUYp0w3wJLlmcyGoMd75qU9yf+DrdGA4kEx6e+l9KOkAlyUO0PSQzZCa3TR4qVlcmwqSDuw==, registry: https://registry.npm.taobao.org/, tarball: https://registry.npmmirror.com/zod/-/zod-3.14.4.tgz}
    name: zod
    version: 3.14.4
    dev: false
